
Microsoft Visual Studio Solution File, Format Version 12.00
# Visual Studio Version 16
VisualStudioVersion = 16.0.31019.35
MinimumVisualStudioVersion = 10.0.40219.1
Project("{9A19103F-16F7-4668-BE54-9A1E7A4F7556}") = "RankWidthApproximate", "RankWidthApproximate\RankWidthApproximate.csproj", "{B5500A23-4CD1-4C8A-A78D-1F8E250C2DAD}"
EndProject
Project("{9A19103F-16F7-4668-BE54-9A1E7A4F7556}") = "RankWidthApproximate.Test", "RankWidthApproximate.Test\RankWidthApproximate.Test.csproj", "{1D8B526B-6421-4B5A-BDA3-4CBB93F53A01}"
EndProject
Global
	GlobalSection(SolutionConfigurationPlatforms) = preSolution
		Debug|Any CPU = Debug|Any CPU
		Debug|x64 = Debug|x64
		Debug|x86 = Debug|x86
		Release|Any CPU = Release|Any CPU
		Release|x64 = Release|x64
		Release|x86 = Release|x86
	EndGlobalSection
	GlobalSection(ProjectConfigurationPlatforms) = postSolution
		{B5500A23-4CD1-4C8A-A78D-1F8E250C2DAD}.Debug|Any CPU.ActiveCfg = Debug|Any CPU
		{B5500A23-4CD1-4C8A-A78D-1F8E250C2DAD}.Debug|Any CPU.Build.0 = Debug|Any CPU
		{B5500A23-4CD1-4C8A-A78D-1F8E250C2DAD}.Debug|x64.ActiveCfg = Debug|Any CPU
		{B5500A23-4CD1-4C8A-A78D-1F8E250C2DAD}.Debug|x64.Build.0 = Debug|Any CPU
		{B5500A23-4CD1-4C8A-A78D-1F8E250C2DAD}.Debug|x86.ActiveCfg = Debug|Any CPU
		{B5500A23-4CD1-4C8A-A78D-1F8E250C2DAD}.Debug|x86.Build.0 = Debug|Any CPU
		{B5500A23-4CD1-4C8A-A78D-1F8E250C2DAD}.Release|Any CPU.ActiveCfg = Release|Any CPU
		{B5500A23-4CD1-4C8A-A78D-1F8E250C2DAD}.Release|Any CPU.Build.0 = Release|Any CPU
		{B5500A23-4CD1-4C8A-A78D-1F8E250C2DAD}.Release|x64.ActiveCfg = Release|Any CPU
		{B5500A23-4CD1-4C8A-A78D-1F8E250C2DAD}.Release|x64.Build.0 = Release|Any CPU
		{B5500A23-4CD1-4C8A-A78D-1F8E250C2DAD}.Release|x86.ActiveCfg = Release|Any CPU
		{B5500A23-4CD1-4C8A-A78D-1F8E250C2DAD}.Release|x86.Build.0 = Release|Any CPU
		{1D8B526B-6421-4B5A-BDA3-4CBB93F53A01}.Debug|Any CPU.ActiveCfg = Debug|Any CPU
		{1D8B526B-6421-4B5A-BDA3-4CBB93F53A01}.Debug|Any CPU.Build.0 = Debug|Any CPU
		{1D8B526B-6421-4B5A-BDA3-4CBB93F53A01}.Debug|x64.ActiveCfg = Debug|Any CPU
		{1D8B526B-6421-4B5A-BDA3-4CBB93F53A01}.Debug|x64.Build.0 = Debug|Any CPU
		{1D8B526B-6421-4B5A-BDA3-4CBB93F53A01}.Debug|x86.ActiveCfg = Debug|Any CPU
		{1D8B526B-6421-4B5A-BDA3-4CBB93F53A01}.Debug|x86.Build.0 = Debug|Any CPU
		{1D8B526B-6421-4B5A-BDA3-4CBB93F53A01}.Release|Any CPU.ActiveCfg = Release|Any CPU
		{1D8B526B-6421-4B5A-BDA3-4CBB93F53A01}.Release|Any CPU.Build.0 = Release|Any CPU
		{1D8B526B-6421-4B5A-BDA3-4CBB93F53A01}.Release|x64.ActiveCfg = Release|Any CPU
		{1D8B526B-6421-4B5A-BDA3-4CBB93F53A01}.Release|x64.Build.0 = Release|Any CPU
		{1D8B526B-6421-4B5A-BDA3-4CBB93F53A01}.Release|x86.ActiveCfg = Release|Any CPU
		{1D8B526B-6421-4B5A-BDA3-4CBB93F53A01}.Release|x86.Build.0 = Release|Any CPU
	EndGlobalSection
	GlobalSection(SolutionProperties) = preSolution
		HideSolutionNode = FALSE
	EndGlobalSection
	GlobalSection(ExtensibilityGlobals) = postSolution
		SolutionGuid = {A0EE7729-6D3B-4DDE-9801-BDEDD69AF361}
	EndGlobalSection
EndGlobal
